
Microsoft Visual Studio Solution File, Format Version 12.00
# Visual Studio Version 17
VisualStudioVersion = 17.6.33815.320
MinimumVisualStudioVersion = 10.0.40219.1
Project("{FAE04EC0-301F-11D3-BF4B-00C04F79EFBC}") = "401lab09", "401lab09\401lab09.csproj", "{013E92A6-99CA-4F0E-A753-8EBBAF521295}"
EndProject
Project("{2150E333-8FDC-42A3-9474-1A3956D46DE8}") = "Solution Items", "Solution Items", "{37083988-B244-43DC-BFC7-EB32A6945F9F}"
	ProjectSection(SolutionItems) = preProject
		data.json = data.json
		README.md = README.md
	EndProjectSection
EndProject
Global
	GlobalSection(SolutionConfigurationPlatforms) = preSolution
		Debug|Any CPU = Debug|Any CPU
		Release|Any CPU = Release|Any CPU
	EndGlobalSection
	GlobalSection(ProjectConfigurationPlatforms) = postSolution
		{013E92A6-99CA-4F0E-A753-8EBBAF521295}.Debug|Any CPU.ActiveCfg = Debug|Any CPU
		{013E92A6-99CA-4F0E-A753-8EBBAF521295}.Debug|Any CPU.Build.0 = Debug|Any CPU
		{013E92A6-99CA-4F0E-A753-8EBBAF521295}.Release|Any CPU.ActiveCfg = Release|Any CPU
		{013E92A6-99CA-4F0E-A753-8EBBAF521295}.Release|Any CPU.Build.0 = Release|Any CPU
	EndGlobalSection
	GlobalSection(SolutionProperties) = preSolution
		HideSolutionNode = FALSE
	EndGlobalSection
	GlobalSection(ExtensibilityGlobals) = postSolution
		SolutionGuid = {289DBE26-B8A5-4898-8134-63FC5ED5CE5E}
	EndGlobalSection
EndGlobal
